{
  "version": "1.0",
  "secrets": {
    "cloudflare_pages_api_token": {
      "hash": "6b51d431df5d7f141cbececcf79edf3dd861c3b4069f0b11661a3eefacbba918",
      "created_at": "2026-02-21T05:17:47.665672+00:00",
      "updated_at": "2026-02-21T05:17:47.665672+00:00",
      "last_rotated": null,
      "rotation_count": 0,
      "targets": {
        "github/github_secret/": "6b51d431df5d7f141cbececcf79edf3dd861c3b4069f0b11661a3eefacbba918"
      },
      "target_provenance": {}
    }
  },
  "secretfile": {
    "filename": "Secretfile.yml",
    "hash": "8beffaa26287976c5625246057b46616ec60534e24b9b62b913224d98c8392f4",
    "synced_at": "2026-03-01T00:23:28.486955+00:00",
    "var_files": [],
    "variables_hash": null
  },
  "metadata": {}
}