{
  "version": "1.0",
  "secrets": {
    "cloudflare_pages_api_token": {
      "hash": "6b51d431df5d7f141cbececcf79edf3dd861c3b4069f0b11661a3eefacbba918",
      "created_at": "2026-02-21T05:17:47.665672+00:00",
      "updated_at": "2026-02-21T05:17:47.665672+00:00",
      "last_rotated": null,
      "rotation_count": 0,
      "targets": {
        "github/github_secret/": "6b51d431df5d7f141cbececcf79edf3dd861c3b4069f0b11661a3eefacbba918"
      },
      "target_provenance": {}
    },
    "pypi_prod_api_token": {
      "hash": "108dc166854e9e49214fe217b75a6e3bb265af7eb583f9ffd9f3ea3f883643e0",
      "created_at": "2026-04-13T01:23:30.977895+00:00",
      "updated_at": "2026-04-13T03:20:57.598429+00:00",
      "last_rotated": null,
      "rotation_count": 0,
      "targets": {
        "github/github_secret/": "108dc166854e9e49214fe217b75a6e3bb265af7eb583f9ffd9f3ea3f883643e0",
        "local/file/.env": "108dc166854e9e49214fe217b75a6e3bb265af7eb583f9ffd9f3ea3f883643e0"
      },
      "target_provenance": {}
    }
  },
  "secretfile": {
    "filename": "Secretfile.yml",
    "hash": "68f5f0c7ddcafb32277aaadf09d696a06ed5a581b0384205e78fc375976a2396",
    "synced_at": "2026-04-13T03:21:25.868544+00:00",
    "var_files": [],
    "variables_hash": null,
    "sync_identity": null,
    "manifest_spec_version": null
  },
  "metadata": {}
}