{
  "version": "1.0",
  "secrets": {
    "entra_app_registration": {
      "hash": "ffa2480bbe0f61851696e935fa13d98b4545e31dd5b076717c012a6c101bcc36",
      "created_at": "2026-04-13T22:03:04.522694+00:00",
      "updated_at": "2026-04-13T22:03:04.522694+00:00",
      "last_rotated": null,
      "rotation_count": 0,
      "targets": {
        "aws/secrets_manager/itops/aws-publish/prod/entra-app-registration": "ffa2480bbe0f61851696e935fa13d98b4545e31dd5b076717c012a6c101bcc36"
      },
      "target_provenance": {
        "aws/secrets_manager/itops/aws-publish/prod/entra-app-registration": [
          {
            "updated_at": "2026-04-13T22:03:04.522812+00:00",
            "actor": {
              "client": "cli",
              "secretzero_version": "0.4.1.dev6+gd01d8be16",
              "working_directory": "/Users/zacharyloeber/Projects/SecretZero",
              "os_user": "zacharyloeber",
              "os_uid": 501,
              "os_euid": 501,
              "hostname": "ip-10-167-48-1.us-east-2.compute.internal",
              "host_fqdn": "ip-10-167-48-1.us-east-2.compute.internal",
              "platform": "macOS-26.3.1-arm64-arm-64bit-Mach-O",
              "git_user_name": "Zachary Loeber",
              "git_user_email": "zloeber@gmail.com",
              "git_commit_sha": "c413670"
            }
          }
        ]
      }
    }
  },
  "secretfile": {
    "filename": "azure-appreg-to-aws-sm.yml",
    "hash": "a8e56a93720c21c2d99b191564d2444b340753fc8b61834f38e778237a68d5a7",
    "synced_at": "2026-04-13T22:03:00.856275+00:00",
    "var_files": [],
    "variables_hash": "b53bf6555672086d2533d4d606a5eba9656ab351854b1aeb93e62fa47dd227aa",
    "sync_identity": {
      "client": "cli",
      "secretzero_version": "0.4.1.dev6+gd01d8be16",
      "working_directory": "/Users/zacharyloeber/Projects/SecretZero",
      "os_user": "zacharyloeber",
      "os_uid": 501,
      "os_euid": 501,
      "hostname": "ip-10-167-48-1.us-east-2.compute.internal",
      "host_fqdn": "ip-10-167-48-1.us-east-2.compute.internal",
      "platform": "macOS-26.3.1-arm64-arm-64bit-Mach-O",
      "environment_label": null,
      "git_user_name": "Zachary Loeber",
      "git_user_email": "zloeber@gmail.com",
      "git_commit_sha": "c413670",
      "ci_system": null,
      "ci_actor": null,
      "ci_repository": null,
      "ci_job_id": null,
      "ci_run_url": null,
      "ci_workflow_name": null,
      "ci_pipeline_name": null
    },
    "manifest_spec_version": "1"
  },
  "metadata": {}
}