{
  "version": "1.0",
  "secrets": {
    "test_db_password": {
      "hash": "e7dced3212f91ac6191e70dd268200fbe3d2a2dbbcdcc769fbe07eaf9ed29619",
      "created_at": "2026-04-14T16:46:12.093020+00:00",
      "updated_at": "2026-04-14T16:46:12.093020+00:00",
      "last_rotated": null,
      "rotation_count": 0,
      "targets": {
        "aws/ssm_parameter//test/database/password": "e7dced3212f91ac6191e70dd268200fbe3d2a2dbbcdcc769fbe07eaf9ed29619"
      },
      "target_provenance": {
        "aws/ssm_parameter//test/database/password": [
          {
            "updated_at": "2026-04-14T16:46:12.093130+00:00",
            "actor": {
              "client": "agent",
              "secretzero_version": "0.6.1.dev0+g148b87526.d20260414",
              "working_directory": "/Users/zacharyloeber/Projects/SecretZero",
              "os_user": "zacharyloeber",
              "os_uid": 501,
              "os_euid": 501,
              "hostname": "Zacharys-MBP.home.loeber.live",
              "host_fqdn": "Zacharys-MBP.home.loeber.live",
              "platform": "macOS-26.3.1-arm64-arm-64bit-Mach-O",
              "git_user_name": "Zachary Loeber",
              "git_user_email": "zloeber@gmail.com",
              "git_commit_sha": "ea440ba"
            }
          }
        ]
      }
    },
    "test_api_key": {
      "hash": "c0e984a7a2096b3d0f83ae045333dc6f6d2dc11d228eda4f7d6291f13efcb6c7",
      "created_at": "2026-04-14T16:46:12.608305+00:00",
      "updated_at": "2026-04-14T16:46:59.473595+00:00",
      "last_rotated": "2026-04-14T16:46:59.473595+00:00",
      "rotation_count": 1,
      "targets": {
        "aws/ssm_parameter//test/api/key": "c0e984a7a2096b3d0f83ae045333dc6f6d2dc11d228eda4f7d6291f13efcb6c7"
      },
      "target_provenance": {
        "aws/ssm_parameter//test/api/key": [
          {
            "updated_at": "2026-04-14T16:46:12.608425+00:00",
            "actor": {
              "client": "agent",
              "secretzero_version": "0.6.1.dev0+g148b87526.d20260414",
              "working_directory": "/Users/zacharyloeber/Projects/SecretZero",
              "os_user": "zacharyloeber",
              "os_uid": 501,
              "os_euid": 501,
              "hostname": "Zacharys-MBP.home.loeber.live",
              "host_fqdn": "Zacharys-MBP.home.loeber.live",
              "platform": "macOS-26.3.1-arm64-arm-64bit-Mach-O",
              "git_user_name": "Zachary Loeber",
              "git_user_email": "zloeber@gmail.com",
              "git_commit_sha": "ea440ba"
            }
          },
          {
            "updated_at": "2026-04-14T16:46:59.473801+00:00",
            "actor": {
              "client": "network_web",
              "secretzero_version": "0.6.1.dev0+g148b87526.d20260414",
              "working_directory": "/Users/zacharyloeber/Projects/SecretZero",
              "os_user": "zacharyloeber",
              "os_uid": 501,
              "os_euid": 501,
              "hostname": "Zacharys-MBP.home.loeber.live",
              "host_fqdn": "Zacharys-MBP.home.loeber.live",
              "platform": "macOS-26.3.1-arm64-arm-64bit-Mach-O",
              "git_user_name": "Zachary Loeber",
              "git_user_email": "zloeber@gmail.com",
              "git_commit_sha": "ea440ba"
            }
          }
        ]
      }
    },
    "more_secure_api_key": {
      "hash": "9238d8e00d5f16e971a553e189e50f516b5234f62dd8411a7dcd037b08d75bfe",
      "created_at": "2026-04-14T16:46:13.373546+00:00",
      "updated_at": "2026-04-14T16:46:13.373546+00:00",
      "last_rotated": null,
      "rotation_count": 0,
      "targets": {
        "aws/secrets_manager//test/api/key": "9238d8e00d5f16e971a553e189e50f516b5234f62dd8411a7dcd037b08d75bfe"
      },
      "target_provenance": {
        "aws/secrets_manager//test/api/key": [
          {
            "updated_at": "2026-04-14T16:46:13.373707+00:00",
            "actor": {
              "client": "agent",
              "secretzero_version": "0.6.1.dev0+g148b87526.d20260414",
              "working_directory": "/Users/zacharyloeber/Projects/SecretZero",
              "os_user": "zacharyloeber",
              "os_uid": 501,
              "os_euid": 501,
              "hostname": "Zacharys-MBP.home.loeber.live",
              "host_fqdn": "Zacharys-MBP.home.loeber.live",
              "platform": "macOS-26.3.1-arm64-arm-64bit-Mach-O",
              "git_user_name": "Zachary Loeber",
              "git_user_email": "zloeber@gmail.com",
              "git_commit_sha": "ea440ba"
            }
          }
        ]
      }
    },
    "test_secret_json": {
      "hash": "0226c27a5f84fbfacada17976ab1fbf0f6b776e7b9b3d68e09dc8a37ea12b375",
      "created_at": "2026-04-14T16:46:14.006652+00:00",
      "updated_at": "2026-04-14T16:46:14.008345+00:00",
      "last_rotated": null,
      "rotation_count": 0,
      "targets": {
        "aws/secrets_manager/test/json-secret": "0226c27a5f84fbfacada17976ab1fbf0f6b776e7b9b3d68e09dc8a37ea12b375",
        "local/file/./local_secret.json": "0226c27a5f84fbfacada17976ab1fbf0f6b776e7b9b3d68e09dc8a37ea12b375"
      },
      "target_provenance": {
        "aws/secrets_manager/test/json-secret": [
          {
            "updated_at": "2026-04-14T16:46:14.006710+00:00",
            "actor": {
              "client": "agent",
              "secretzero_version": "0.6.1.dev0+g148b87526.d20260414",
              "working_directory": "/Users/zacharyloeber/Projects/SecretZero",
              "os_user": "zacharyloeber",
              "os_uid": 501,
              "os_euid": 501,
              "hostname": "Zacharys-MBP.home.loeber.live",
              "host_fqdn": "Zacharys-MBP.home.loeber.live",
              "platform": "macOS-26.3.1-arm64-arm-64bit-Mach-O",
              "git_user_name": "Zachary Loeber",
              "git_user_email": "zloeber@gmail.com",
              "git_commit_sha": "ea440ba"
            }
          }
        ],
        "local/file/./local_secret.json": [
          {
            "updated_at": "2026-04-14T16:46:14.008418+00:00",
            "actor": {
              "client": "agent",
              "secretzero_version": "0.6.1.dev0+g148b87526.d20260414",
              "working_directory": "/Users/zacharyloeber/Projects/SecretZero",
              "os_user": "zacharyloeber",
              "os_uid": 501,
              "os_euid": 501,
              "hostname": "Zacharys-MBP.home.loeber.live",
              "host_fqdn": "Zacharys-MBP.home.loeber.live",
              "platform": "macOS-26.3.1-arm64-arm-64bit-Mach-O",
              "git_user_name": "Zachary Loeber",
              "git_user_email": "zloeber@gmail.com",
              "git_commit_sha": "ea440ba"
            }
          }
        ]
      }
    }
  },
  "secretfile": {
    "filename": "Secretfile.test.yml",
    "hash": "1b2eaf72fbc8d1339caa02db229fc2516f2a5003bb16506c6b6a2fe48b6ba759",
    "synced_at": "2026-04-14T16:46:58.936250+00:00",
    "var_files": [],
    "variables_hash": null,
    "sync_identity": {
      "client": "network_web",
      "secretzero_version": "0.6.1.dev0+g148b87526.d20260414",
      "working_directory": "/Users/zacharyloeber/Projects/SecretZero",
      "os_user": "zacharyloeber",
      "os_uid": 501,
      "os_euid": 501,
      "hostname": "Zacharys-MBP.home.loeber.live",
      "host_fqdn": "Zacharys-MBP.home.loeber.live",
      "platform": "macOS-26.3.1-arm64-arm-64bit-Mach-O",
      "environment_label": null,
      "git_user_name": "Zachary Loeber",
      "git_user_email": "zloeber@gmail.com",
      "git_commit_sha": "ea440ba",
      "ci_system": null,
      "ci_actor": null,
      "ci_repository": null,
      "ci_job_id": null,
      "ci_run_url": null,
      "ci_workflow_name": null,
      "ci_pipeline_name": null
    },
    "manifest_spec_version": "1"
  },
  "metadata": {}
}