{
  "version": "1.0",
  "secrets": {
    "slack_bot_token": {
      "hash": "883ba1bbba18a308675a68dbc4748bb1f6776828c09b74509e09453f3619cf6b",
      "created_at": "2026-05-29T16:17:54.178698+00:00",
      "updated_at": "2026-05-29T16:17:54.178698+00:00",
      "last_rotated": null,
      "rotation_count": 0,
      "targets": {
        "local/file//Users/zacharyloeber/.hermes/.env": "883ba1bbba18a308675a68dbc4748bb1f6776828c09b74509e09453f3619cf6b"
      },
      "target_provenance": {
        "local/file//Users/zacharyloeber/.hermes/.env": [
          {
            "updated_at": "2026-05-29T16:17:54.179156+00:00",
            "actor": {
              "operation": "lockfile_import",
              "client": "cli"
            }
          }
        ]
      }
    },
    "slack_app_token": {
      "hash": "44f8da714c12516fd267eca3dbd8dfa05e7a2e3eeec653b1ca503f67a7e3120e",
      "created_at": "2026-05-29T16:17:54.179248+00:00",
      "updated_at": "2026-05-29T16:17:54.179248+00:00",
      "last_rotated": null,
      "rotation_count": 0,
      "targets": {
        "local/file//Users/zacharyloeber/.hermes/.env": "44f8da714c12516fd267eca3dbd8dfa05e7a2e3eeec653b1ca503f67a7e3120e"
      },
      "target_provenance": {
        "local/file//Users/zacharyloeber/.hermes/.env": [
          {
            "updated_at": "2026-05-29T16:17:54.179253+00:00",
            "actor": {
              "operation": "lockfile_import",
              "client": "cli"
            }
          }
        ]
      }
    },
    "telegram_bot_token": {
      "hash": "dc2180c7edb6c480df54cea330d1a28e8104b2abf9c70089fced93b44ee33371",
      "created_at": "2026-05-29T16:17:54.179336+00:00",
      "updated_at": "2026-05-29T16:17:54.179336+00:00",
      "last_rotated": null,
      "rotation_count": 0,
      "targets": {
        "local/file//Users/zacharyloeber/.hermes/.env": "dc2180c7edb6c480df54cea330d1a28e8104b2abf9c70089fced93b44ee33371"
      },
      "target_provenance": {
        "local/file//Users/zacharyloeber/.hermes/.env": [
          {
            "updated_at": "2026-05-29T16:17:54.179340+00:00",
            "actor": {
              "operation": "lockfile_import",
              "client": "cli"
            }
          }
        ]
      }
    }
  },
  "secretfile": {
    "filename": "Secretfile.yml",
    "hash": "a301c5974a64ddd6981cbe4809cbd34b05add6a7e54e210816e2a045ea64720b",
    "synced_at": "2026-05-29T16:17:54.179346+00:00",
    "var_files": [],
    "variables_hash": "01b6fd0f13b7bc98a6b163ba9ff4dc2fe87cbe864faba9400722a10ca61471bc",
    "sync_identity": null,
    "manifest_spec_version": "1"
  },
  "metadata": {}
}